
Microsoft Visual Studio Solution File, Format Version 12.00
# Visual Studio 15
VisualStudioVersion = 15.0.27004.2010
MinimumVisualStudioVersion = 10.0.40219.1
Project("{FAE04EC0-301F-11D3-BF4B-00C04F79EFBC}") = "ProductFeatureDemonstration", "ProductFeatureDemonstration\ProductFeatureDemonstration.csproj", "{97A50F25-15C3-496A-97D2-EBFD7CEE04D6}"
EndProject
Global
	GlobalSection(SolutionConfigurationPlatforms) = preSolution
		Debug|Any CPU = Debug|Any CPU
		Release|Any CPU = Release|Any CPU
	EndGlobalSection
	GlobalSection(ProjectConfigurationPlatforms) = postSolution
		{97A50F25-15C3-496A-97D2-EBFD7CEE04D6}.Debug|Any CPU.ActiveCfg = Debug|Any CPU
		{97A50F25-15C3-496A-97D2-EBFD7CEE04D6}.Debug|Any CPU.Build.0 = Debug|Any CPU
		{97A50F25-15C3-496A-97D2-EBFD7CEE04D6}.Release|Any CPU.ActiveCfg = Release|Any CPU
		{97A50F25-15C3-496A-97D2-EBFD7CEE04D6}.Release|Any CPU.Build.0 = Release|Any CPU
	EndGlobalSection
	GlobalSection(SolutionProperties) = preSolution
		HideSolutionNode = FALSE
	EndGlobalSection
	GlobalSection(ExtensibilityGlobals) = postSolution
		SolutionGuid = {53324174-50E8-47D2-8B2B-AD721E3D9D1E}
	EndGlobalSection
EndGlobal
